
Microsoft Visual Studio Solution File, Format Version 12.00
# Visual Studio 15
VisualStudioVersion = 15.0.28307.1062
MinimumVisualStudioVersion = 10.0.40219.1
Project("{FAE04EC0-301F-11D3-BF4B-00C04F79EFBC}") = "ServerMonitor", "ServerMonitor\ServerMonitor.csproj", "{24931932-E819-4F67-9207-328B6C0F5513}"
EndProject
Global
	GlobalSection(SolutionConfigurationPlatforms) = preSolution
		Debug|Any CPU = Debug|Any CPU
		Release|Any CPU = Release|Any CPU
	EndGlobalSection
	GlobalSection(ProjectConfigurationPlatforms) = postSolution
		{24931932-E819-4F67-9207-328B6C0F5513}.Debug|Any CPU.ActiveCfg = Debug|Any CPU
		{24931932-E819-4F67-9207-328B6C0F5513}.Debug|Any CPU.Build.0 = Debug|Any CPU
		{24931932-E819-4F67-9207-328B6C0F5513}.Release|Any CPU.ActiveCfg = Release|Any CPU
		{24931932-E819-4F67-9207-328B6C0F5513}.Release|Any CPU.Build.0 = Release|Any CPU
	EndGlobalSection
	GlobalSection(SolutionProperties) = preSolution
		HideSolutionNode = FALSE
	EndGlobalSection
	GlobalSection(ExtensibilityGlobals) = postSolution
		SolutionGuid = {534EA975-9745-4A7B-AB1D-9457235432F1}
	EndGlobalSection
EndGlobal
